
Microsoft Visual Studio Solution File, Format Version 12.00
# Visual Studio 15
VisualStudioVersion = 15.0.27703.2018
MinimumVisualStudioVersion = 10.0.40219.1
Project("{FAE04EC0-301F-11D3-BF4B-00C04F79EFBC}") = "CSharpLesson", "CSharpLesson\CSharpLesson.csproj", "{C8A165C6-4BB3-428C-AAD2-84ABC2D0C9CA}"
EndProject
Global
	GlobalSection(SolutionConfigurationPlatforms) = preSolution
		Debug|Any CPU = Debug|Any CPU
		Release|Any CPU = Release|Any CPU
	EndGlobalSection
	GlobalSection(ProjectConfigurationPlatforms) = postSolution
		{C8A165C6-4BB3-428C-AAD2-84ABC2D0C9CA}.Debug|Any CPU.ActiveCfg = Debug|Any CPU
		{C8A165C6-4BB3-428C-AAD2-84ABC2D0C9CA}.Debug|Any CPU.Build.0 = Debug|Any CPU
		{C8A165C6-4BB3-428C-AAD2-84ABC2D0C9CA}.Release|Any CPU.ActiveCfg = Release|Any CPU
		{C8A165C6-4BB3-428C-AAD2-84ABC2D0C9CA}.Release|Any CPU.Build.0 = Release|Any CPU
	EndGlobalSection
	GlobalSection(SolutionProperties) = preSolution
		HideSolutionNode = FALSE
	EndGlobalSection
	GlobalSection(ExtensibilityGlobals) = postSolution
		SolutionGuid = {85C94BD2-DBCE-47AB-B356-4989716EC259}
	EndGlobalSection
EndGlobal
